
Microsoft Visual Studio Solution File, Format Version 12.00
# Visual Studio Version 16
VisualStudioVersion = 16.0.30717.126
MinimumVisualStudioVersion = 10.0.40219.1
Project("{FAE04EC0-301F-11D3-BF4B-00C04F79EFBC}") = "ShopProject", "ShopProject\ShopProject.csproj", "{21D09992-4919-4439-A216-F597508F1151}"
EndProject
Global
	GlobalSection(SolutionConfigurationPlatforms) = preSolution
		Debug|Any CPU = Debug|Any CPU
		Release|Any CPU = Release|Any CPU
	EndGlobalSection
	GlobalSection(ProjectConfigurationPlatforms) = postSolution
		{21D09992-4919-4439-A216-F597508F1151}.Debug|Any CPU.ActiveCfg = Debug|Any CPU
		{21D09992-4919-4439-A216-F597508F1151}.Debug|Any CPU.Build.0 = Debug|Any CPU
		{21D09992-4919-4439-A216-F597508F1151}.Release|Any CPU.ActiveCfg = Release|Any CPU
		{21D09992-4919-4439-A216-F597508F1151}.Release|Any CPU.Build.0 = Release|Any CPU
	EndGlobalSection
	GlobalSection(SolutionProperties) = preSolution
		HideSolutionNode = FALSE
	EndGlobalSection
	GlobalSection(ExtensibilityGlobals) = postSolution
		SolutionGuid = {22259D6B-6DB1-4B98-BF5D-E9306621597B}
	EndGlobalSection
EndGlobal
